
Microsoft Visual Studio Solution File, Format Version 12.00
# Visual Studio Version 17
VisualStudioVersion = 17.14.36414.22 d17.14
MinimumVisualStudioVersion = 10.0.40219.1
Project("{FAE04EC0-301F-11D3-BF4B-00C04F79EFBC}") = "PD421_Dashboard_WEB_API", "PD421_Dashboard_WEB_API\PD421_Dashboard_WEB_API.csproj", "{578A25A8-2A8C-4C31-8C58-67A9FF433446}"
EndProject
Project("{FAE04EC0-301F-11D3-BF4B-00C04F79EFBC}") = "PD421_Dashboard_WEB_API.BLL", "PD421_Dashboard_WEB_API.BLL\PD421_Dashboard_WEB_API.BLL.csproj", "{77E0AFE4-35CB-470C-A45D-937C50D34010}"
EndProject
Project("{FAE04EC0-301F-11D3-BF4B-00C04F79EFBC}") = "PD421_Dashboard_WEB_API.DAL", "PD421_Dashboard_WEB_API.DAL\PD421_Dashboard_WEB_API.DAL.csproj", "{C228C6B4-5C15-49C2-BAA8-76A5FACBC6A6}"
EndProject
Global
	GlobalSection(SolutionConfigurationPlatforms) = preSolution
		Debug|Any CPU = Debug|Any CPU
		Release|Any CPU = Release|Any CPU
	EndGlobalSection
	GlobalSection(ProjectConfigurationPlatforms) = postSolution
		{578A25A8-2A8C-4C31-8C58-67A9FF433446}.Debug|Any CPU.ActiveCfg = Debug|Any CPU
		{578A25A8-2A8C-4C31-8C58-67A9FF433446}.Debug|Any CPU.Build.0 = Debug|Any CPU
		{578A25A8-2A8C-4C31-8C58-67A9FF433446}.Release|Any CPU.ActiveCfg = Release|Any CPU
		{578A25A8-2A8C-4C31-8C58-67A9FF433446}.Release|Any CPU.Build.0 = Release|Any CPU
		{77E0AFE4-35CB-470C-A45D-937C50D34010}.Debug|Any CPU.ActiveCfg = Debug|Any CPU
		{77E0AFE4-35CB-470C-A45D-937C50D34010}.Debug|Any CPU.Build.0 = Debug|Any CPU
		{77E0AFE4-35CB-470C-A45D-937C50D34010}.Release|Any CPU.ActiveCfg = Release|Any CPU
		{77E0AFE4-35CB-470C-A45D-937C50D34010}.Release|Any CPU.Build.0 = Release|Any CPU
		{C228C6B4-5C15-49C2-BAA8-76A5FACBC6A6}.Debug|Any CPU.ActiveCfg = Debug|Any CPU
		{C228C6B4-5C15-49C2-BAA8-76A5FACBC6A6}.Debug|Any CPU.Build.0 = Debug|Any CPU
		{C228C6B4-5C15-49C2-BAA8-76A5FACBC6A6}.Release|Any CPU.ActiveCfg = Release|Any CPU
		{C228C6B4-5C15-49C2-BAA8-76A5FACBC6A6}.Release|Any CPU.Build.0 = Release|Any CPU
	EndGlobalSection
	GlobalSection(SolutionProperties) = preSolution
		HideSolutionNode = FALSE
	EndGlobalSection
	GlobalSection(ExtensibilityGlobals) = postSolution
		SolutionGuid = {3D91C839-125A-4BA2-874E-78C7A0603EB1}
	EndGlobalSection
EndGlobal
